
Microsoft Visual Studio Solution File, Format Version 12.00
# Visual Studio Version 16
VisualStudioVersion = 16.0.31410.357
MinimumVisualStudioVersion = 10.0.40219.1
Project("{FAE04EC0-301F-11D3-BF4B-00C04F79EFBC}") = "DataManager", "DataManager\DataManager.csproj", "{A54F2550-C100-4899-A003-8BD96984E375}"
EndProject
Project("{00D1A9C2-B5F0-4AF3-8072-F6C62B433612}") = "Data", "Data\Data.sqlproj", "{34E1CFDC-51CC-400D-99FE-ADB1F566B415}"
EndProject
Project("{FAE04EC0-301F-11D3-BF4B-00C04F79EFBC}") = "DesktopUI", "DesktopUI\DesktopUI.csproj", "{75EE6A2E-6733-419F-B97F-299752026079}"
EndProject
Project("{FAE04EC0-301F-11D3-BF4B-00C04F79EFBC}") = "DesktopUI.Library", "DesktopUI.Library\DesktopUI.Library.csproj", "{406A976D-57DA-4CE8-833C-F2261C346553}"
EndProject
Project("{FAE04EC0-301F-11D3-BF4B-00C04F79EFBC}") = "DataManager.Library", "DataManager.Library\DataManager.Library.csproj", "{6C8D0F77-FCDF-48BC-8512-FEB69B23E9C4}"
EndProject
Global
	GlobalSection(SolutionConfigurationPlatforms) = preSolution
		Debug|Any CPU = Debug|Any CPU
		Debug|x64 = Debug|x64
		Debug|x86 = Debug|x86
		Release|Any CPU = Release|Any CPU
		Release|x64 = Release|x64
		Release|x86 = Release|x86
	EndGlobalSection
	GlobalSection(ProjectConfigurationPlatforms) = postSolution
		{A54F2550-C100-4899-A003-8BD96984E375}.Debug|Any CPU.ActiveCfg = Debug|Any CPU
		{A54F2550-C100-4899-A003-8BD96984E375}.Debug|Any CPU.Build.0 = Debug|Any CPU
		{A54F2550-C100-4899-A003-8BD96984E375}.Debug|x64.ActiveCfg = Debug|x64
		{A54F2550-C100-4899-A003-8BD96984E375}.Debug|x64.Build.0 = Debug|x64
		{A54F2550-C100-4899-A003-8BD96984E375}.Debug|x86.ActiveCfg = Debug|x86
		{A54F2550-C100-4899-A003-8BD96984E375}.Debug|x86.Build.0 = Debug|x86
		{A54F2550-C100-4899-A003-8BD96984E375}.Release|Any CPU.ActiveCfg = Release|Any CPU
		{A54F2550-C100-4899-A003-8BD96984E375}.Release|Any CPU.Build.0 = Release|Any CPU
		{A54F2550-C100-4899-A003-8BD96984E375}.Release|x64.ActiveCfg = Release|x64
		{A54F2550-C100-4899-A003-8BD96984E375}.Release|x64.Build.0 = Release|x64
		{A54F2550-C100-4899-A003-8BD96984E375}.Release|x86.ActiveCfg = Release|x86
		{A54F2550-C100-4899-A003-8BD96984E375}.Release|x86.Build.0 = Release|x86
		{34E1CFDC-51CC-400D-99FE-ADB1F566B415}.Debug|Any CPU.ActiveCfg = Debug|Any CPU
		{34E1CFDC-51CC-400D-99FE-ADB1F566B415}.Debug|Any CPU.Build.0 = Debug|Any CPU
		{34E1CFDC-51CC-400D-99FE-ADB1F566B415}.Debug|Any CPU.Deploy.0 = Debug|Any CPU
		{34E1CFDC-51CC-400D-99FE-ADB1F566B415}.Debug|x64.ActiveCfg = Debug|x64
		{34E1CFDC-51CC-400D-99FE-ADB1F566B415}.Debug|x64.Build.0 = Debug|x64
		{34E1CFDC-51CC-400D-99FE-ADB1F566B415}.Debug|x64.Deploy.0 = Debug|x64
		{34E1CFDC-51CC-400D-99FE-ADB1F566B415}.Debug|x86.ActiveCfg = Debug|x86
		{34E1CFDC-51CC-400D-99FE-ADB1F566B415}.Debug|x86.Build.0 = Debug|x86
		{34E1CFDC-51CC-400D-99FE-ADB1F566B415}.Debug|x86.Deploy.0 = Debug|x86
		{34E1CFDC-51CC-400D-99FE-ADB1F566B415}.Release|Any CPU.ActiveCfg = Release|Any CPU
		{34E1CFDC-51CC-400D-99FE-ADB1F566B415}.Release|Any CPU.Build.0 = Release|Any CPU
		{34E1CFDC-51CC-400D-99FE-ADB1F566B415}.Release|Any CPU.Deploy.0 = Release|Any CPU
		{34E1CFDC-51CC-400D-99FE-ADB1F566B415}.Release|x64.ActiveCfg = Release|x64
		{34E1CFDC-51CC-400D-99FE-ADB1F566B415}.Release|x64.Build.0 = Release|x64
		{34E1CFDC-51CC-400D-99FE-ADB1F566B415}.Release|x64.Deploy.0 = Release|x64
		{34E1CFDC-51CC-400D-99FE-ADB1F566B415}.Release|x86.ActiveCfg = Release|x86
		{34E1CFDC-51CC-400D-99FE-ADB1F566B415}.Release|x86.Build.0 = Release|x86
		{34E1CFDC-51CC-400D-99FE-ADB1F566B415}.Release|x86.Deploy.0 = Release|x86
		{75EE6A2E-6733-419F-B97F-299752026079}.Debug|Any CPU.ActiveCfg = Debug|Any CPU
		{75EE6A2E-6733-419F-B97F-299752026079}.Debug|Any CPU.Build.0 = Debug|Any CPU
		{75EE6A2E-6733-419F-B97F-299752026079}.Debug|x64.ActiveCfg = Debug|x64
		{75EE6A2E-6733-419F-B97F-299752026079}.Debug|x64.Build.0 = Debug|x64
		{75EE6A2E-6733-419F-B97F-299752026079}.Debug|x86.ActiveCfg = Debug|x86
		{75EE6A2E-6733-419F-B97F-299752026079}.Debug|x86.Build.0 = Debug|x86
		{75EE6A2E-6733-419F-B97F-299752026079}.Release|Any CPU.ActiveCfg = Release|Any CPU
		{75EE6A2E-6733-419F-B97F-299752026079}.Release|Any CPU.Build.0 = Release|Any CPU
		{75EE6A2E-6733-419F-B97F-299752026079}.Release|x64.ActiveCfg = Release|x64
		{75EE6A2E-6733-419F-B97F-299752026079}.Release|x64.Build.0 = Release|x64
		{75EE6A2E-6733-419F-B97F-299752026079}.Release|x86.ActiveCfg = Release|x86
		{75EE6A2E-6733-419F-B97F-299752026079}.Release|x86.Build.0 = Release|x86
		{406A976D-57DA-4CE8-833C-F2261C346553}.Debug|Any CPU.ActiveCfg = Debug|Any CPU
		{406A976D-57DA-4CE8-833C-F2261C346553}.Debug|Any CPU.Build.0 = Debug|Any CPU
		{406A976D-57DA-4CE8-833C-F2261C346553}.Debug|x64.ActiveCfg = Debug|x64
		{406A976D-57DA-4CE8-833C-F2261C346553}.Debug|x64.Build.0 = Debug|x64
		{406A976D-57DA-4CE8-833C-F2261C346553}.Debug|x86.ActiveCfg = Debug|x86
		{406A976D-57DA-4CE8-833C-F2261C346553}.Debug|x86.Build.0 = Debug|x86
		{406A976D-57DA-4CE8-833C-F2261C346553}.Release|Any CPU.ActiveCfg = Release|Any CPU
		{406A976D-57DA-4CE8-833C-F2261C346553}.Release|Any CPU.Build.0 = Release|Any CPU
		{406A976D-57DA-4CE8-833C-F2261C346553}.Release|x64.ActiveCfg = Release|x64
		{406A976D-57DA-4CE8-833C-F2261C346553}.Release|x64.Build.0 = Release|x64
		{406A976D-57DA-4CE8-833C-F2261C346553}.Release|x86.ActiveCfg = Release|x86
		{406A976D-57DA-4CE8-833C-F2261C346553}.Release|x86.Build.0 = Release|x86
		{6C8D0F77-FCDF-48BC-8512-FEB69B23E9C4}.Debug|Any CPU.ActiveCfg = Debug|Any CPU
		{6C8D0F77-FCDF-48BC-8512-FEB69B23E9C4}.Debug|Any CPU.Build.0 = Debug|Any CPU
		{6C8D0F77-FCDF-48BC-8512-FEB69B23E9C4}.Debug|x64.ActiveCfg = Debug|x64
		{6C8D0F77-FCDF-48BC-8512-FEB69B23E9C4}.Debug|x64.Build.0 = Debug|x64
		{6C8D0F77-FCDF-48BC-8512-FEB69B23E9C4}.Debug|x86.ActiveCfg = Debug|x86
		{6C8D0F77-FCDF-48BC-8512-FEB69B23E9C4}.Debug|x86.Build.0 = Debug|x86
		{6C8D0F77-FCDF-48BC-8512-FEB69B23E9C4}.Release|Any CPU.ActiveCfg = Release|Any CPU
		{6C8D0F77-FCDF-48BC-8512-FEB69B23E9C4}.Release|Any CPU.Build.0 = Release|Any CPU
		{6C8D0F77-FCDF-48BC-8512-FEB69B23E9C4}.Release|x64.ActiveCfg = Release|x64
		{6C8D0F77-FCDF-48BC-8512-FEB69B23E9C4}.Release|x64.Build.0 = Release|x64
		{6C8D0F77-FCDF-48BC-8512-FEB69B23E9C4}.Release|x86.ActiveCfg = Release|x86
		{6C8D0F77-FCDF-48BC-8512-FEB69B23E9C4}.Release|x86.Build.0 = Release|x86
	EndGlobalSection
	GlobalSection(SolutionProperties) = preSolution
		HideSolutionNode = FALSE
	EndGlobalSection
	GlobalSection(ExtensibilityGlobals) = postSolution
		SolutionGuid = {6527E66C-C686-4B06-88DB-3CCE3B79CCA0}
	EndGlobalSection
EndGlobal
